
Microsoft Visual Studio Solution File, Format Version 12.00
# Visual Studio Version 17
VisualStudioVersion = 17.3.32819.101
MinimumVisualStudioVersion = 10.0.40219.1
Project("{9A19103F-16F7-4668-BE54-9A1E7A4F7556}") = "MaskFollow", "MaskFollow.csproj", "{DAE86C58-ECBA-491E-9697-2647F52855D7}"
EndProject
Project("{9A19103F-16F7-4668-BE54-9A1E7A4F7556}") = "Entities", "..\Entities\Entities.csproj", "{A6F77711-50B4-43A7-981B-D79A6BC3B42A}"
EndProject
Project("{9A19103F-16F7-4668-BE54-9A1E7A4F7556}") = "Business", "..\Business\Business.csproj", "{6E59921D-EE51-4A72-B610-64B4BC709E13}"
EndProject
Global
	GlobalSection(SolutionConfigurationPlatforms) = preSolution
		Debug|Any CPU = Debug|Any CPU
		Release|Any CPU = Release|Any CPU
	EndGlobalSection
	GlobalSection(ProjectConfigurationPlatforms) = postSolution
		{DAE86C58-ECBA-491E-9697-2647F52855D7}.Debug|Any CPU.ActiveCfg = Debug|Any CPU
		{DAE86C58-ECBA-491E-9697-2647F52855D7}.Debug|Any CPU.Build.0 = Debug|Any CPU
		{DAE86C58-ECBA-491E-9697-2647F52855D7}.Release|Any CPU.ActiveCfg = Release|Any CPU
		{DAE86C58-ECBA-491E-9697-2647F52855D7}.Release|Any CPU.Build.0 = Release|Any CPU
		{A6F77711-50B4-43A7-981B-D79A6BC3B42A}.Debug|Any CPU.ActiveCfg = Debug|Any CPU
		{A6F77711-50B4-43A7-981B-D79A6BC3B42A}.Debug|Any CPU.Build.0 = Debug|Any CPU
		{A6F77711-50B4-43A7-981B-D79A6BC3B42A}.Release|Any CPU.ActiveCfg = Release|Any CPU
		{A6F77711-50B4-43A7-981B-D79A6BC3B42A}.Release|Any CPU.Build.0 = Release|Any CPU
		{6E59921D-EE51-4A72-B610-64B4BC709E13}.Debug|Any CPU.ActiveCfg = Debug|Any CPU
		{6E59921D-EE51-4A72-B610-64B4BC709E13}.Debug|Any CPU.Build.0 = Debug|Any CPU
		{6E59921D-EE51-4A72-B610-64B4BC709E13}.Release|Any CPU.ActiveCfg = Release|Any CPU
		{6E59921D-EE51-4A72-B610-64B4BC709E13}.Release|Any CPU.Build.0 = Release|Any CPU
	EndGlobalSection
	GlobalSection(SolutionProperties) = preSolution
		HideSolutionNode = FALSE
	EndGlobalSection
	GlobalSection(ExtensibilityGlobals) = postSolution
		SolutionGuid = {F9D8AADA-D732-4BE7-BC9D-9417C55E1066}
	EndGlobalSection
EndGlobal
